// !$*UTF8*$!
{
	"objects" = {
		"1B1FC17BD5B0583127575864" = { "isa" = "PBXFileReference"; "path" = "CompanionNavigationUITests.swift"; "lastKnownFileType" = "sourcecode.swift"; "sourceTree" = "<group>"; };
		"3E2CD8AA474CCE7F80669616" = { "isa" = "PBXGroup"; "path" = "UITests"; "children" = ("1B1FC17BD5B0583127575864"); "sourceTree" = "<group>"; };
		"60B3CA01EA7E8B9948E7CC09" = { "isa" = "PBXBuildFile"; "fileRef" = "1B1FC17BD5B0583127575864"; };
		"7608335FFB9A580AE2FC90AE" = { "isa" = "PBXSourcesBuildPhase"; "buildActionMask" = "2147483647"; "files" = ("60B3CA01EA7E8B9948E7CC09"); "runOnlyForDeploymentPostprocessing" = "0"; };
		"DE0D4C05A8BA145453D970D4" = { "isa" = "PBXFrameworksBuildPhase"; "buildActionMask" = "2147483647"; "files" = (); "runOnlyForDeploymentPostprocessing" = "0"; };
		"8B88D84EAD0B24D64CCB308B" = { "isa" = "PBXResourcesBuildPhase"; "buildActionMask" = "2147483647"; "files" = (); "runOnlyForDeploymentPostprocessing" = "0"; };
		"C6C1EEC58F7399BA060C2DA0" = { "isa" = "PBXContainerItemProxy"; "containerPortal" = "244210E48437B6556980A702"; "proxyType" = "1"; "remoteGlobalIDString" = "28AFDC1F5BF3C7D4A4EC77C9"; "remoteInfo" = "LilaCompanion-iOS"; };
		"36E8360EB79504F70366F898" = { "isa" = "PBXTargetDependency"; "target" = "28AFDC1F5BF3C7D4A4EC77C9"; "targetProxy" = "C6C1EEC58F7399BA060C2DA0"; };
		"621AA7C599285BC134B77A2C" = { "isa" = "XCBuildConfiguration"; "name" = "Debug"; "buildSettings" = { "PRODUCT_NAME" = "$(TARGET_NAME)"; "PRODUCT_BUNDLE_IDENTIFIER" = "dev.lila.companion.uitests.ios"; "GENERATE_INFOPLIST_FILE" = "YES"; "SWIFT_VERSION" = "6.0"; "SWIFT_STRICT_CONCURRENCY" = "complete"; "CODE_SIGN_STYLE" = "Automatic"; "TEST_TARGET_NAME" = "LilaCompanion-iOS"; "CLANG_ENABLE_MODULES" = "YES"; "SWIFT_OPTIMIZATION_LEVEL" = "-Onone"; "SWIFT_ACTIVE_COMPILATION_CONDITIONS" = "DEBUG"; "SDKROOT" = "iphoneos"; "IPHONEOS_DEPLOYMENT_TARGET" = "18.0"; "SUPPORTED_PLATFORMS" = "iphoneos iphonesimulator"; "TARGETED_DEVICE_FAMILY" = "1,2"; }; };
		"FBCCC1863DC3D53DEFE2AC45" = { "isa" = "XCBuildConfiguration"; "name" = "Release"; "buildSettings" = { "PRODUCT_NAME" = "$(TARGET_NAME)"; "PRODUCT_BUNDLE_IDENTIFIER" = "dev.lila.companion.uitests.ios"; "GENERATE_INFOPLIST_FILE" = "YES"; "SWIFT_VERSION" = "6.0"; "SWIFT_STRICT_CONCURRENCY" = "complete"; "CODE_SIGN_STYLE" = "Automatic"; "TEST_TARGET_NAME" = "LilaCompanion-iOS"; "CLANG_ENABLE_MODULES" = "YES"; "SWIFT_OPTIMIZATION_LEVEL" = "-O"; "SDKROOT" = "iphoneos"; "IPHONEOS_DEPLOYMENT_TARGET" = "18.0"; "SUPPORTED_PLATFORMS" = "iphoneos iphonesimulator"; "TARGETED_DEVICE_FAMILY" = "1,2"; }; };
		"38F55B3290A680C4A1FA8860" = { "isa" = "XCConfigurationList"; "buildConfigurations" = ("621AA7C599285BC134B77A2C","FBCCC1863DC3D53DEFE2AC45"); "defaultConfigurationIsVisible" = "0"; "defaultConfigurationName" = "Release"; };
		"05BDA20CB0589E4F5FA7B7DB" = { "isa" = "PBXFileReference"; "path" = "LilaCompanion-iOS-UITests.xctest"; "explicitFileType" = "wrapper.cfbundle"; "includeInIndex" = "0"; "sourceTree" = "BUILT_PRODUCTS_DIR"; };
		"A1DE5C98F4825928944A6F93" = { "isa" = "PBXNativeTarget"; "name" = "LilaCompanion-iOS-UITests"; "productName" = "LilaCompanion-iOS-UITests"; "productType" = "com.apple.product-type.bundle.ui-testing"; "productReference" = "05BDA20CB0589E4F5FA7B7DB"; "buildPhases" = ("7608335FFB9A580AE2FC90AE","DE0D4C05A8BA145453D970D4","8B88D84EAD0B24D64CCB308B"); "dependencies" = ("36E8360EB79504F70366F898"); "buildRules" = (); "buildConfigurationList" = "38F55B3290A680C4A1FA8860"; };
		"FA486E868FB968C4FED9D1F1" = { "isa" = "PBXBuildFile"; "fileRef" = "1B1FC17BD5B0583127575864"; };
		"CDC43D952A5C4AD09452F1D8" = { "isa" = "PBXSourcesBuildPhase"; "buildActionMask" = "2147483647"; "files" = ("FA486E868FB968C4FED9D1F1"); "runOnlyForDeploymentPostprocessing" = "0"; };
		"1B5DFED25FA1FE736C1E017A" = { "isa" = "PBXFrameworksBuildPhase"; "buildActionMask" = "2147483647"; "files" = (); "runOnlyForDeploymentPostprocessing" = "0"; };
		"BD8E8E3EA6FA5692DC28ACAB" = { "isa" = "PBXResourcesBuildPhase"; "buildActionMask" = "2147483647"; "files" = (); "runOnlyForDeploymentPostprocessing" = "0"; };
		"2713B194BF3DE3B62B6C70D5" = { "isa" = "PBXContainerItemProxy"; "containerPortal" = "244210E48437B6556980A702"; "proxyType" = "1"; "remoteGlobalIDString" = "6152F00911A6D9C8DBE613E2"; "remoteInfo" = "LilaCompanion-macOS"; };
		"5C4A44350E92BB0D19B46B9A" = { "isa" = "PBXTargetDependency"; "target" = "6152F00911A6D9C8DBE613E2"; "targetProxy" = "2713B194BF3DE3B62B6C70D5"; };
		"2DCEB6678D803BA161EB7EBF" = { "isa" = "XCBuildConfiguration"; "name" = "Debug"; "buildSettings" = { "PRODUCT_NAME" = "$(TARGET_NAME)"; "PRODUCT_BUNDLE_IDENTIFIER" = "dev.lila.companion.uitests.macos"; "GENERATE_INFOPLIST_FILE" = "YES"; "SWIFT_VERSION" = "6.0"; "SWIFT_STRICT_CONCURRENCY" = "complete"; "CODE_SIGN_STYLE" = "Automatic"; "TEST_TARGET_NAME" = "LilaCompanion-macOS"; "CLANG_ENABLE_MODULES" = "YES"; "SWIFT_OPTIMIZATION_LEVEL" = "-Onone"; "SWIFT_ACTIVE_COMPILATION_CONDITIONS" = "DEBUG"; "SDKROOT" = "macosx"; "MACOSX_DEPLOYMENT_TARGET" = "15.0"; "SUPPORTED_PLATFORMS" = "macosx"; }; };
		"109C385209237120A6E6029D" = { "isa" = "XCBuildConfiguration"; "name" = "Release"; "buildSettings" = { "PRODUCT_NAME" = "$(TARGET_NAME)"; "PRODUCT_BUNDLE_IDENTIFIER" = "dev.lila.companion.uitests.macos"; "GENERATE_INFOPLIST_FILE" = "YES"; "SWIFT_VERSION" = "6.0"; "SWIFT_STRICT_CONCURRENCY" = "complete"; "CODE_SIGN_STYLE" = "Automatic"; "TEST_TARGET_NAME" = "LilaCompanion-macOS"; "CLANG_ENABLE_MODULES" = "YES"; "SWIFT_OPTIMIZATION_LEVEL" = "-O"; "SDKROOT" = "macosx"; "MACOSX_DEPLOYMENT_TARGET" = "15.0"; "SUPPORTED_PLATFORMS" = "macosx"; }; };
		"5375D0B30AC2A96EA235B586" = { "isa" = "XCConfigurationList"; "buildConfigurations" = ("2DCEB6678D803BA161EB7EBF","109C385209237120A6E6029D"); "defaultConfigurationIsVisible" = "0"; "defaultConfigurationName" = "Release"; };
		"59FD13E5FC5B8DC1134633BA" = { "isa" = "PBXFileReference"; "path" = "LilaCompanion-macOS-UITests.xctest"; "explicitFileType" = "wrapper.cfbundle"; "includeInIndex" = "0"; "sourceTree" = "BUILT_PRODUCTS_DIR"; };
		"0E948AC66EF721D1F2D998A8" = { "isa" = "PBXNativeTarget"; "name" = "LilaCompanion-macOS-UITests"; "productName" = "LilaCompanion-macOS-UITests"; "productType" = "com.apple.product-type.bundle.ui-testing"; "productReference" = "59FD13E5FC5B8DC1134633BA"; "buildPhases" = ("CDC43D952A5C4AD09452F1D8","1B5DFED25FA1FE736C1E017A","BD8E8E3EA6FA5692DC28ACAB"); "dependencies" = ("5C4A44350E92BB0D19B46B9A"); "buildRules" = (); "buildConfigurationList" = "5375D0B30AC2A96EA235B586"; };

		"244210E48437B6556980A702" = {
			"targets" = ("28AFDC1F5BF3C7D4A4EC77C9","6152F00911A6D9C8DBE613E2","A1DE5C98F4825928944A6F93","0E948AC66EF721D1F2D998A8");
			"projectRoot" = "";
			"hasScannedForEncodings" = "0";
			"knownRegions" = ("en","Base");
			"projectDirPath" = "";
			"productRefGroup" = "0A3E27B8CA818264D75C8D81";
			"isa" = "PBXProject";
			"attributes" = {
				"LastUpgradeCheck" = "1600";
				"TargetAttributes" = { "A1DE5C98F4825928944A6F93" = { "CreatedOnToolsVersion" = "16.0"; "TestTargetID" = "28AFDC1F5BF3C7D4A4EC77C9"; }; "0E948AC66EF721D1F2D998A8" = { "CreatedOnToolsVersion" = "16.0"; "TestTargetID" = "6152F00911A6D9C8DBE613E2"; }; };
			};
			"mainGroup" = "0D6E4079E36703EBD37C0072";
			"developmentRegion" = "en";
			"buildConfigurationList" = "B4E10CAA9C5E22150B71559C";
			"compatibilityVersion" = "Xcode 14.0";
			"packageReferences" = ("BC4A71180870F7945155FBB0");
		};
		"FC233BDA2344D97687F5A251" = {
			"isa" = "PBXGroup";
			"path" = "App";
			"children" = ("41CF6794BA4200B839C53531","652F55016243BF1B9F1BBEA4","33D52A03DC02CC1445097F68","5A7159EBAAE2CC7E0B40BCA0");
			"sourceTree" = "<group>";
		};
		"BC4A71180870F7945155FBB0" = {
			"relativePath" = "CompanionKit";
			"isa" = "XCLocalSwiftPackageReference";
		};
		"41CF6794BA4200B839C53531" = {
			"path" = "CompanionApp.swift";
			"isa" = "PBXFileReference";
			"lastKnownFileType" = "sourcecode.swift";
			"sourceTree" = "<group>";
		};
		"6152F00911A6D9C8DBE613E2" = {
			"buildRules" = ();
			"buildPhases" = ("0E355C4B5FF1A75D07BC98DB","B4F321274B57BB7C311F5662","64E306101DBAC290F1858AC2");
			"packageProductDependencies" = ("A7519E1C19D17E347F903A22");
			"isa" = "PBXNativeTarget";
			"productType" = "com.apple.product-type.application";
			"buildConfigurationList" = "073E867009DC964426BDC687";
			"productName" = "LilaCompanion-macOS";
			"dependencies" = ();
			"productReference" = "E7B54246E1A8022FEBAC7CEE";
			"name" = "LilaCompanion-macOS";
		};
		"8F2452E148EED98B3F9DA67C" = {
			"isa" = "PBXBuildFile";
			"productRef" = "CBDFC35D675D83C9F531BB8F";
		};
		"B4F321274B57BB7C311F5662" = {
			"buildActionMask" = "2147483647";
			"isa" = "PBXResourcesBuildPhase";
			"runOnlyForDeploymentPostprocessing" = "0";
			"files" = ("1EC46954A084D4CBDED9EF9C","6F6C3D967E8DDA150FC4B753");
		};
		"9E08866950C0E4DB207567EE" = {
			"buildSettings" = {
				"PRODUCT_NAME" = "$(TARGET_NAME)";
				"INFOPLIST_KEY_CFBundleDisplayName" = "lila Companion";
				"SWIFT_VERSION" = "6.0";
				"CODE_SIGN_STYLE" = "Automatic";
				"CURRENT_PROJECT_VERSION" = "1";
				"MARKETING_VERSION" = "0.1.0";
				"CLANG_CXX_LANGUAGE_STANDARD" = "c++17";
				"GENERATE_INFOPLIST_FILE" = "YES";
				"INFOPLIST_FILE" = "App/Documents.plist";
				"ENABLE_APP_SANDBOX" = "YES";
				"SWIFT_EMIT_LOC_STRINGS" = "YES";
				"ENABLE_USER_SELECTED_FILES" = "readonly";
				"SDKROOT" = "macosx";
				"MACOSX_DEPLOYMENT_TARGET" = "15.0";
				"SUPPORTED_PLATFORMS" = "macosx";
				"SWIFT_STRICT_CONCURRENCY" = "complete";
				"PRODUCT_BUNDLE_IDENTIFIER" = "dev.lila.companion";
				"SWIFT_OPTIMIZATION_LEVEL" = "-O";
				"INFOPLIST_KEY_NSBluetoothAlwaysUsageDescription" = "lila Companion connects to your readers to transfer books, Tinta packs and reading progress.";
				"CODE_SIGN_ENTITLEMENTS" = "App/macOS.entitlements";
			};
			"name" = "Release";
			"isa" = "XCBuildConfiguration";
		};
		"64E306101DBAC290F1858AC2" = {
			"buildActionMask" = "2147483647";
			"isa" = "PBXFrameworksBuildPhase";
			"runOnlyForDeploymentPostprocessing" = "0";
			"files" = ("52537828EE464DFE9095B1FB");
		};
		"CBDFC35D675D83C9F531BB8F" = {
			"productName" = "CompanionKit";
			"package" = "BC4A71180870F7945155FBB0";
			"isa" = "XCSwiftPackageProductDependency";
		};
		"37D46E5F953F5746EB7CE267" = {
			"includeInIndex" = "0";
			"isa" = "PBXFileReference";
			"path" = "LilaCompanion-iOS.app";
			"explicitFileType" = "wrapper.application";
			"sourceTree" = "BUILT_PRODUCTS_DIR";
		};
		"BC5F3C820A071F8C19707700" = {
			"buildActionMask" = "2147483647";
			"isa" = "PBXResourcesBuildPhase";
			"runOnlyForDeploymentPostprocessing" = "0";
			"files" = ("A474D75A97510458B790F76A","D692048EA920E39C39FA85C7");
		};
		"9FA2CB1730BF30FC6F41F73B" = {
			"isa" = "PBXBuildFile";
			"fileRef" = "41CF6794BA4200B839C53531";
		};
		"A7519E1C19D17E347F903A22" = {
			"productName" = "CompanionKit";
			"package" = "BC4A71180870F7945155FBB0";
			"isa" = "XCSwiftPackageProductDependency";
		};
		"1EC46954A084D4CBDED9EF9C" = {
			"fileRef" = "652F55016243BF1B9F1BBEA4";
			"isa" = "PBXBuildFile";
		};
		"A474D75A97510458B790F76A" = {
			"isa" = "PBXBuildFile";
			"fileRef" = "652F55016243BF1B9F1BBEA4";
		};
		"E41C57595FC10222EEF8A547" = {
			"buildActionMask" = "2147483647";
			"isa" = "PBXSourcesBuildPhase";
			"runOnlyForDeploymentPostprocessing" = "0";
			"files" = ("48FE022C66D578CE6C6D44BF");
		};
		"652F55016243BF1B9F1BBEA4" = {
			"path" = "Localizable.xcstrings";
			"isa" = "PBXFileReference";
			"lastKnownFileType" = "text.json.xcstrings";
			"sourceTree" = "<group>";
		};
		"CB8A27C06F6EEE12F68FE2C0" = {
			"buildSettings" = {
				"INFOPLIST_KEY_CFBundleDisplayName" = "lila Companion";
				"PRODUCT_NAME" = "$(TARGET_NAME)";
				"SWIFT_VERSION" = "6.0";
				"CODE_SIGN_STYLE" = "Automatic";
				"CURRENT_PROJECT_VERSION" = "1";
				"MARKETING_VERSION" = "0.1.0";
				"CLANG_CXX_LANGUAGE_STANDARD" = "c++17";
				"SWIFT_EMIT_LOC_STRINGS" = "YES";
				"ENABLE_APP_SANDBOX" = "YES";
				"GENERATE_INFOPLIST_FILE" = "YES";
				"INFOPLIST_FILE" = "App/Documents.plist";
				"ENABLE_USER_SELECTED_FILES" = "readonly";
				"MACOSX_DEPLOYMENT_TARGET" = "15.0";
				"SUPPORTED_PLATFORMS" = "macosx";
				"SDKROOT" = "macosx";
				"SWIFT_STRICT_CONCURRENCY" = "complete";
				"SWIFT_OPTIMIZATION_LEVEL" = "-Onone";
				"PRODUCT_BUNDLE_IDENTIFIER" = "dev.lila.companion";
				"INFOPLIST_KEY_NSBluetoothAlwaysUsageDescription" = "lila Companion connects to your readers to transfer books, Tinta packs and reading progress.";
				"CODE_SIGN_ENTITLEMENTS" = "App/macOS.entitlements";
			};
			"name" = "Debug";
			"isa" = "XCBuildConfiguration";
		};
		"0D6E4079E36703EBD37C0072" = {
			"sourceTree" = "<group>";
			"children" = ("FC233BDA2344D97687F5A251","0A3E27B8CA818264D75C8D81","3E2CD8AA474CCE7F80669616");
			"isa" = "PBXGroup";
		};
		"4B6360F01728CC8634A14B46" = {
			"buildSettings" = {
				"INFOPLIST_KEY_CFBundleDisplayName" = "lila Companion";
				"PRODUCT_NAME" = "$(TARGET_NAME)";
				"SWIFT_VERSION" = "6.0";
				"CODE_SIGN_STYLE" = "Automatic";
				"TARGETED_DEVICE_FAMILY" = "1,2";
				"CURRENT_PROJECT_VERSION" = "1";
				"MARKETING_VERSION" = "0.1.0";
				"CLANG_CXX_LANGUAGE_STANDARD" = "c++17";
				"SWIFT_EMIT_LOC_STRINGS" = "YES";
				"GENERATE_INFOPLIST_FILE" = "YES";
				"INFOPLIST_FILE" = "App/Documents.plist";
				"SDKROOT" = "iphoneos";
				"CODE_SIGN_ENTITLEMENTS" = "App/iOS.entitlements";
				"SUPPORTED_PLATFORMS" = "iphoneos iphonesimulator";
				"INFOPLIST_KEY_UILaunchScreen_Generation" = "YES";
				"SWIFT_STRICT_CONCURRENCY" = "complete";
				"SWIFT_OPTIMIZATION_LEVEL" = "-O";
				"PRODUCT_BUNDLE_IDENTIFIER" = "dev.lila.companion";
				"IPHONEOS_DEPLOYMENT_TARGET" = "18.0";
				"INFOPLIST_KEY_NSBluetoothAlwaysUsageDescription" = "lila Companion connects to your readers to transfer books, Tinta packs and reading progress.";
			};
			"name" = "Release";
			"isa" = "XCBuildConfiguration";
		};
		"073E867009DC964426BDC687" = {
			"defaultConfigurationName" = "Release";
			"defaultConfigurationIsVisible" = "0";
			"buildConfigurations" = ("CB8A27C06F6EEE12F68FE2C0","9E08866950C0E4DB207567EE");
			"isa" = "XCConfigurationList";
		};
		"0A3E27B8CA818264D75C8D81" = {
			"name" = "Products";
			"isa" = "PBXGroup";
			"children" = ("37D46E5F953F5746EB7CE267","E7B54246E1A8022FEBAC7CEE","05BDA20CB0589E4F5FA7B7DB","59FD13E5FC5B8DC1134633BA");
			"sourceTree" = "<group>";
		};
		"0E355C4B5FF1A75D07BC98DB" = {
			"buildActionMask" = "2147483647";
			"isa" = "PBXSourcesBuildPhase";
			"runOnlyForDeploymentPostprocessing" = "0";
			"files" = ("9FA2CB1730BF30FC6F41F73B");
		};
		"B4E10CAA9C5E22150B71559C" = {
			"defaultConfigurationName" = "Release";
			"defaultConfigurationIsVisible" = "0";
			"isa" = "XCConfigurationList";
			"buildConfigurations" = ("488864B3D19480A82F7F1786","35B1014F135DE9B45529B733");
		};
		"35B1014F135DE9B45529B733" = {
			"buildSettings" = {
				"CLANG_ENABLE_MODULES" = "YES";
				"SWIFT_ACTIVE_COMPILATION_CONDITIONS" = "";
				"SWIFT_VERSION" = "6.0";
			};
			"name" = "Release";
			"isa" = "XCBuildConfiguration";
		};
		"52537828EE464DFE9095B1FB" = {
			"isa" = "PBXBuildFile";
			"productRef" = "A7519E1C19D17E347F903A22";
		};
		"C7E55B98E749105532BDB781" = {
			"buildSettings" = {
				"PRODUCT_NAME" = "$(TARGET_NAME)";
				"INFOPLIST_KEY_CFBundleDisplayName" = "lila Companion";
				"SWIFT_VERSION" = "6.0";
				"CODE_SIGN_STYLE" = "Automatic";
				"CURRENT_PROJECT_VERSION" = "1";
				"TARGETED_DEVICE_FAMILY" = "1,2";
				"MARKETING_VERSION" = "0.1.0";
				"CLANG_CXX_LANGUAGE_STANDARD" = "c++17";
				"GENERATE_INFOPLIST_FILE" = "YES";
				"INFOPLIST_FILE" = "App/Documents.plist";
				"SWIFT_EMIT_LOC_STRINGS" = "YES";
				"SDKROOT" = "iphoneos";
				"CODE_SIGN_ENTITLEMENTS" = "App/iOS.entitlements";
				"SUPPORTED_PLATFORMS" = "iphoneos iphonesimulator";
				"INFOPLIST_KEY_UILaunchScreen_Generation" = "YES";
				"SWIFT_STRICT_CONCURRENCY" = "complete";
				"SWIFT_OPTIMIZATION_LEVEL" = "-Onone";
				"IPHONEOS_DEPLOYMENT_TARGET" = "18.0";
				"PRODUCT_BUNDLE_IDENTIFIER" = "dev.lila.companion";
				"INFOPLIST_KEY_NSBluetoothAlwaysUsageDescription" = "lila Companion connects to your readers to transfer books, Tinta packs and reading progress.";
			};
			"name" = "Debug";
			"isa" = "XCBuildConfiguration";
		};
		"2CED36895F19227F39E67ACD" = {
			"buildActionMask" = "2147483647";
			"isa" = "PBXFrameworksBuildPhase";
			"runOnlyForDeploymentPostprocessing" = "0";
			"files" = ("8F2452E148EED98B3F9DA67C");
		};
		"D97F553B4CD3ABB14373DD91" = {
			"defaultConfigurationName" = "Release";
			"defaultConfigurationIsVisible" = "0";
			"isa" = "XCConfigurationList";
			"buildConfigurations" = ("C7E55B98E749105532BDB781","4B6360F01728CC8634A14B46");
		};
		"28AFDC1F5BF3C7D4A4EC77C9" = {
			"buildRules" = ();
			"buildPhases" = ("E41C57595FC10222EEF8A547","BC5F3C820A071F8C19707700","2CED36895F19227F39E67ACD");
			"packageProductDependencies" = ("CBDFC35D675D83C9F531BB8F");
			"isa" = "PBXNativeTarget";
			"productType" = "com.apple.product-type.application";
			"buildConfigurationList" = "D97F553B4CD3ABB14373DD91";
			"dependencies" = ();
			"productName" = "LilaCompanion-iOS";
			"productReference" = "37D46E5F953F5746EB7CE267";
			"name" = "LilaCompanion-iOS";
		};
		"E7B54246E1A8022FEBAC7CEE" = {
			"includeInIndex" = "0";
			"isa" = "PBXFileReference";
			"path" = "LilaCompanion-macOS.app";
			"explicitFileType" = "wrapper.application";
			"sourceTree" = "BUILT_PRODUCTS_DIR";
		};
		"48FE022C66D578CE6C6D44BF" = {
			"isa" = "PBXBuildFile";
			"fileRef" = "41CF6794BA4200B839C53531";
		};
		"488864B3D19480A82F7F1786" = {
			"buildSettings" = {
				"SWIFT_VERSION" = "6.0";
				"CLANG_ENABLE_MODULES" = "YES";
				"SWIFT_ACTIVE_COMPILATION_CONDITIONS" = "DEBUG";
			};
			"name" = "Debug";
			"isa" = "XCBuildConfiguration";
		};
		"33D52A03DC02CC1445097F68" = {
			"isa" = "PBXFileReference";
			"lastKnownFileType" = "text.json.xcstrings";
			"path" = "InfoPlist.xcstrings";
			"sourceTree" = "<group>";
		};
		"5A7159EBAAE2CC7E0B40BCA0" = {
			"isa" = "PBXFileReference";
			"lastKnownFileType" = "text.plist.entitlements";
			"path" = "macOS.entitlements";
			"sourceTree" = "<group>";
		};
		"6F6C3D967E8DDA150FC4B753" = {
			"isa" = "PBXBuildFile";
			"fileRef" = "33D52A03DC02CC1445097F68";
		};
		"D692048EA920E39C39FA85C7" = {
			"isa" = "PBXBuildFile";
			"fileRef" = "33D52A03DC02CC1445097F68";
		};
	};
	"classes" = {
	};
	"archiveVersion" = "1";
	"objectVersion" = "56";
	"rootObject" = "244210E48437B6556980A702";
}
