# Tinta stable item ids (PLAN.md 7.6). Generated by tools/packc; commit it.
# Append-only: never edit, reorder or delete a line. uid<TAB>key<TAB>check
1	vocab:hola:recognise	75a59ea6
2	vocab:adiós:recognise	4e4deb27
3	vocab:buenos días:recognise	aa2accef
4	vocab:gracias:recognise	597e3531
5	vocab:de nada:recognise	447131e9
6	vocab:por favor:recognise	56bd576f
7	vocab:yo:recognise	8dd97139
8	vocab:tú:recognise	84c848be
9	vocab:usted:recognise	d6fc221c
10	vocab:ser:recognise	8f855374
11	vocab:llamarse:recognise	e8ee89d8
12	vocab:hola:produce	78c5f73e
13	vocab:adiós:produce	099535ec
14	vocab:buenos días:produce	0ed3dfed
15	vocab:gracias:produce	c84e044b
16	vocab:de nada:produce	8cc1c895
17	vocab:por favor:produce	3412618b
18	vocab:yo:produce	33078ac6
19	vocab:tú:produce	15a79afc
20	vocab:usted:produce	ef06d014
21	vocab:ser:produce	3dcd04f6
22	vocab:llamarse:produce	de387020
23	conj:ser:pres.1s	cd6aa0f8
24	conj:ser:pres.2s	0769f95f
25	conj:ser:pres.3s	f1207eff
26	conj:ser:pres.1p	b09990a5
27	conj:ser:pres.3p	6dfd44c6
28	cloze:hola me llamo ana:hola	90db3994
29	cloze:buenos dias senora:buenos dias	3c985b6d
30	cloze:yo soy de mexico:soy	9d720a5e
31	cloze:usted es de aqui:es	25506651
32	cloze:tu eres mi amigo:eres	9b94db79
33	cloze:gracias de nada:gracias	aa03dd82
34	cloze:gracias de nada:de nada	baab129a
35	cloze:un taco por favor:por favor	54173abc
36	cloze:adios luis:adios	d40d041a
37	cloze:como te llamas me llamo luis:llamas	bdd05a62
38	cloze:ellos son de aqui:son	151cf987
39	order:tu eres mi amigo	c5075f23
40	vocab:casa:recognise	709d0155
41	vocab:taco:recognise	3aa435c3
42	vocab:agua:recognise	f07b7645
43	vocab:computadora:recognise	376e560b
44	vocab:camión:recognise	c7c50c3c
45	vocab:chido:recognise	eb7e7066
46	vocab:comer:recognise	c6284cae
47	vocab:hablar:recognise	1b4db365
48	vocab:vivir:recognise	f2b84378
49	vocab:estar:recognise	ee0179d8
50	gender:casa	c0ebd1f6
51	vocab:casa:produce	30d4eb22
52	gender:taco	c00334cd
53	vocab:taco:produce	6df6c3a7
54	gender:agua	f88ca8df
55	vocab:agua:produce	77a924e0
56	gender:computadora	7ed24aba
57	vocab:computadora:produce	36c64b09
58	gender:camión	7e8f1e60
59	vocab:camión:produce	54364d71
60	vocab:chido:produce	d23a0fce
61	vocab:comer:produce	3becd845
62	vocab:hablar:produce	84f52466
63	vocab:vivir:produce	0ed6ca10
64	vocab:estar:produce	c3687af4
65	conj:estar:pres.1s	dc09fa6a
66	conj:estar:pres.2s	588de463
67	conj:estar:pres.3s	24f1ee64
68	conj:estar:pres.1p	f351ad7d
69	conj:estar:pres.3p	a400f4b9
70	conj:hablar:pres.1s	fc9ed1cf
71	cloze:ana vive en una casa grande:vive	b5c7d673
72	cloze:ana vive en una casa grande:casa	8cb5a0b2
73	cloze:luis come dos tacos:come	d0ca3f1a
74	cloze:luis come dos tacos:tacos	a40ff7b6
75	cloze:el agua esta muy fria:agua	b016cf0c
76	cloze:habla ingles:habla	56aeb036
77	cloze:la computadora esta en la casa:computadora	610da062
78	cloze:el camion esta aqui:camion	5d64ac55
79	cloze:el camion esta aqui:esta	3a67c289
80	cloze:que chido:chido	def22a20
81	cloze:un taco para ana:para	d1db0f23
82	cloze:gracias por el agua:por	119af10e
83	order:ana come tacos	064b1ae9
84	vocab:día:recognise	8fd1e77b
85	vocab:año:recognise	473e66ad
86	vocab:tiempo:recognise	89d675c5
87	vocab:mano:recognise	1efb4f34
88	gender:día	75822be6
89	vocab:día:produce	998fe63f
90	gender:año	849f9995
91	vocab:año:produce	f67d7ef7
92	gender:tiempo	5db699ce
93	vocab:tiempo:produce	d36c9cbd
94	gender:mano	d2ac1c65
95	vocab:mano:produce	ba910f62
96	phrase:la cuenta por favor	36191157
97	phrase:mande	91f94830
98	phrase:con permiso	feeb8e4d
99	phrase:cuanto es	44530745
